
Microsoft Visual Studio Solution File, Format Version 12.00
# Visual Studio Version 17
VisualStudioVersion = 17.0.32014.148
MinimumVisualStudioVersion = 10.0.40219.1
Project("{FAE04EC0-301F-11D3-BF4B-00C04F79EFBC}") = "trpo_13", "trpo_13\trpo_13.csproj", "{9B8BDD45-B87A-4643-9699-6980AA298A2B}"
EndProject
Global
	GlobalSection(SolutionConfigurationPlatforms) = preSolution
		Debug|Any CPU = Debug|Any CPU
		Release|Any CPU = Release|Any CPU
	EndGlobalSection
	GlobalSection(ProjectConfigurationPlatforms) = postSolution
		{9B8BDD45-B87A-4643-9699-6980AA298A2B}.Debug|Any CPU.ActiveCfg = Debug|Any CPU
		{9B8BDD45-B87A-4643-9699-6980AA298A2B}.Debug|Any CPU.Build.0 = Debug|Any CPU
		{9B8BDD45-B87A-4643-9699-6980AA298A2B}.Release|Any CPU.ActiveCfg = Release|Any CPU
		{9B8BDD45-B87A-4643-9699-6980AA298A2B}.Release|Any CPU.Build.0 = Release|Any CPU
	EndGlobalSection
	GlobalSection(SolutionProperties) = preSolution
		HideSolutionNode = FALSE
	EndGlobalSection
	GlobalSection(ExtensibilityGlobals) = postSolution
		SolutionGuid = {DB124E1B-4308-4913-8727-333CD21D4394}
	EndGlobalSection
EndGlobal
